
Microsoft Visual Studio Solution File, Format Version 12.00
# Visual Studio Version 17
VisualStudioVersion = 17.5.002.0
MinimumVisualStudioVersion = 10.0.40219.1
Project("{9A19103F-16F7-4668-BE54-9A1E7A4F7556}") = "tp1", "tp1.csproj", "{C5A6D2A9-BF42-4B26-B31B-FE582CB60C2F}"
EndProject
Global
	GlobalSection(SolutionConfigurationPlatforms) = preSolution
		Debug|Any CPU = Debug|Any CPU
		Release|Any CPU = Release|Any CPU
	EndGlobalSection
	GlobalSection(ProjectConfigurationPlatforms) = postSolution
		{C5A6D2A9-BF42-4B26-B31B-FE582CB60C2F}.Debug|Any CPU.ActiveCfg = Debug|Any CPU
		{C5A6D2A9-BF42-4B26-B31B-FE582CB60C2F}.Debug|Any CPU.Build.0 = Debug|Any CPU
		{C5A6D2A9-BF42-4B26-B31B-FE582CB60C2F}.Release|Any CPU.ActiveCfg = Release|Any CPU
		{C5A6D2A9-BF42-4B26-B31B-FE582CB60C2F}.Release|Any CPU.Build.0 = Release|Any CPU
	EndGlobalSection
	GlobalSection(SolutionProperties) = preSolution
		HideSolutionNode = FALSE
	EndGlobalSection
	GlobalSection(ExtensibilityGlobals) = postSolution
		SolutionGuid = {C8A38D4C-5AC1-4153-B963-B493398C18DB}
	EndGlobalSection
EndGlobal
